// !$*UTF8*$!
{
	archiveVersion = 1;
	classes = {
	};
	objectVersion = 48;
	objects = {

/* Begin PBXBuildFile section */
		D7B708151F73FF3700764E46 /* AppDelegate.m in Sources */ = {isa = PBXBuildFile; fileRef = D7B708141F73FF3700764E46 /* AppDelegate.m */; };
		D7B708181F73FF3700764E46 /* ViewController.m in Sources */ = {isa = PBXBuildFile; fileRef = D7B708171F73FF3700764E46 /* ViewController.m */; };
		D7B7081B1F73FF3700764E46 /* Main.storyboard in Resources */ = {isa = PBXBuildFile; fileRef = D7B708191F73FF3700764E46 /* Main.storyboard */; };
		D7B7081D1F73FF3700764E46 /* Assets.xcassets in Resources */ = {isa = PBXBuildFile; fileRef = D7B7081C1F73FF3700764E46 /* Assets.xcassets */; };
		D7B708201F73FF3700764E46 /* LaunchScreen.storyboard in Resources */ = {isa = PBXBuildFile; fileRef = D7B7081E1F73FF3700764E46 /* LaunchScreen.storyboard */; };
		D7B708231F73FF3700764E46 /* main.m in Sources */ = {isa = PBXBuildFile; fileRef = D7B708221F73FF3700764E46 /* main.m */; };
		D7B7082D1F73FF3700764E46 /* testTests.m in Sources */ = {isa = PBXBuildFile; fileRef = D7B7082C1F73FF3700764E46 /* testTests.m */; };
		D7B708381F73FF3700764E46 /* testUITests.m in Sources */ = {isa = PBXBuildFile; fileRef = D7B708371F73FF3700764E46 /* testUITests.m */; };
		D7B708491F73FF9E00764E46 /* TableViewCell.m in Sources */ = {isa = PBXBuildFile; fileRef = D7B708471F73FF9E00764E46 /* TableViewCell.m */; };
		D7B7084A1F73FF9E00764E46 /* TableViewCell.xib in Resources */ = {isa = PBXBuildFile; fileRef = D7B708481F73FF9E00764E46 /* TableViewCell.xib */; };
		D7B7084F1F73FFCC00764E46 /* MyModel.m in Sources */ = {isa = PBXBuildFile; fileRef = D7B7084E1F73FFCC00764E46 /* MyModel.m */; };
/* End PBXBuildFile section */

/* Begin PBXContainerItemProxy section */
		D7B708291F73FF3700764E46 /* PBXContainerItemProxy */ = {
			isa = PBXContainerItemProxy;
			containerPortal = D7B708081F73FF3700764E46 /* Project object */;
			proxyType = 1;
			remoteGlobalIDString = D7B7080F1F73FF3700764E46;
			remoteInfo = test;
		};
		D7B708341F73FF3700764E46 /* PBXContainerItemProxy */ = {
			isa = PBXContainerItemProxy;
			containerPortal = D7B708081F73FF3700764E46 /* Project object */;
			proxyType = 1;
			remoteGlobalIDString = D7B7080F1F73FF3700764E46;
			remoteInfo = test;
		};
/* End PBXContainerItemProxy section */

/* Begin PBXFileReference section */
		D7B708101F73FF3700764E46 /* test.app */ = {isa = PBXFileReference; explicitFileType = wrapper.application; includeInIndex = 0; path = test.app; sourceTree = BUILT_PRODUCTS_DIR; };
		D7B708131F73FF3700764E46 /* AppDelegate.h */ = {isa = PBXFileReference; lastKnownFileType = sourcecode.c.h; path = AppDelegate.h; sourceTree = "<group>"; };
		D7B708141F73FF3700764E46 /* AppDelegate.m */ = {isa = PBXFileReference; lastKnownFileType = sourcecode.c.objc; path = AppDelegate.m; sourceTree = "<group>"; };
		D7B708161F73FF3700764E46 /* ViewController.h */ = {isa = PBXFileReference; lastKnownFileType = sourcecode.c.h; path = ViewController.h; sourceTree = "<group>"; };
		D7B708171F73FF3700764E46 /* ViewController.m */ = {isa = PBXFileReference; lastKnownFileType = sourcecode.c.objc; path = ViewController.m; sourceTree = "<group>"; };
		D7B7081A1F73FF3700764E46 /* Base */ = {isa = PBXFileReference; lastKnownFileType = file.storyboard; name = Base; path = Base.lproj/Main.storyboard; sourceTree = "<group>"; };
		D7B7081C1F73FF3700764E46 /* Assets.xcassets */ = {isa = PBXFileReference; lastKnownFileType = folder.assetcatalog; path = Assets.xcassets; sourceTree = "<group>"; };
		D7B7081F1F73FF3700764E46 /* Base */ = {isa = PBXFileReference; lastKnownFileType = file.storyboard; name = Base; path = Base.lproj/LaunchScreen.storyboard; sourceTree = "<group>"; };
		D7B708211F73FF3700764E46 /* Info.plist */ = {isa = PBXFileReference; lastKnownFileType = text.plist.xml; path = Info.plist; sourceTree = "<group>"; };
		D7B708221F73FF3700764E46 /* main.m */ = {isa = PBXFileReference; lastKnownFileType = sourcecode.c.objc; path = main.m; sourceTree = "<group>"; };
		D7B708281F73FF3700764E46 /* testTests.xctest */ = {isa = PBXFileReference; explicitFileType = wrapper.cfbundle; includeInIndex = 0; path = testTests.xctest; sourceTree = BUILT_PRODUCTS_DIR; };
		D7B7082C1F73FF3700764E46 /* testTests.m */ = {isa = PBXFileReference; lastKnownFileType = sourcecode.c.objc; path = testTests.m; sourceTree = "<group>"; };
		D7B7082E1F73FF3700764E46 /* Info.plist */ = {isa = PBXFileReference; lastKnownFileType = text.plist.xml; path = Info.plist; sourceTree = "<group>"; };
		D7B708331F73FF3700764E46 /* testUITests.xctest */ = {isa = PBXFileReference; explicitFileType = wrapper.cfbundle; includeInIndex = 0; path = testUITests.xctest; sourceTree = BUILT_PRODUCTS_DIR; };
		D7B708371F73FF3700764E46 /* testUITests.m */ = {isa = PBXFileReference; lastKnownFileType = sourcecode.c.objc; path = testUITests.m; sourceTree = "<group>"; };
		D7B708391F73FF3700764E46 /* Info.plist */ = {isa = PBXFileReference; lastKnownFileType = text.plist.xml; path = Info.plist; sourceTree = "<group>"; };
		D7B708461F73FF9E00764E46 /* TableViewCell.h */ = {isa = PBXFileReference; lastKnownFileType = sourcecode.c.h; path = TableViewCell.h; sourceTree = "<group>"; };
		D7B708471F73FF9E00764E46 /* TableViewCell.m */ = {isa = PBXFileReference; lastKnownFileType = sourcecode.c.objc; path = TableViewCell.m; sourceTree = "<group>"; };
		D7B708481F73FF9E00764E46 /* TableViewCell.xib */ = {isa = PBXFileReference; lastKnownFileType = file.xib; path = TableViewCell.xib; sourceTree = "<group>"; };
		D7B7084D1F73FFCC00764E46 /* MyModel.h */ = {isa = PBXFileReference; lastKnownFileType = sourcecode.c.h; path = MyModel.h; sourceTree = "<group>"; };
		D7B7084E1F73FFCC00764E46 /* MyModel.m */ = {isa = PBXFileReference; lastKnownFileType = sourcecode.c.objc; path = MyModel.m; sourceTree = "<group>"; };
/* End PBXFileReference section */

/* Begin PBXFrameworksBuildPhase section */
		D7B7080D1F73FF3700764E46 /* Frameworks */ = {
			isa = PBXFrameworksBuildPhase;
			buildActionMask = 2147483647;
			files = (
			);
			runOnlyForDeploymentPostprocessing = 0;
		};
		D7B708251F73FF3700764E46 /* Frameworks */ = {
			isa = PBXFrameworksBuildPhase;
			buildActionMask = 2147483647;
			files = (
			);
			runOnlyForDeploymentPostprocessing = 0;
		};
		D7B708301F73FF3700764E46 /* Frameworks */ = {
			isa = PBXFrameworksBuildPhase;
			buildActionMask = 2147483647;
			files = (
			);
			runOnlyForDeploymentPostprocessing = 0;
		};
/* End PBXFrameworksBuildPhase section */

/* Begin PBXGroup section */
		D7B708071F73FF3700764E46 = {
			isa = PBXGroup;
			children = (
				D7B708121F73FF3700764E46 /* test */,
				D7B7082B1F73FF3700764E46 /* testTests */,
				D7B708361F73FF3700764E46 /* testUITests */,
				D7B708111F73FF3700764E46 /* Products */,
			);
			sourceTree = "<group>";
		};
		D7B708111F73FF3700764E46 /* Products */ = {
			isa = PBXGroup;
			children = (
				D7B708101F73FF3700764E46 /* test.app */,
				D7B708281F73FF3700764E46 /* testTests.xctest */,
				D7B708331F73FF3700764E46 /* testUITests.xctest */,
			);
			name = Products;
			sourceTree = "<group>";
		};
		D7B708121F73FF3700764E46 /* test */ = {
			isa = PBXGroup;
			children = (
				D7B7084B1F73FFA800764E46 /* MyModel */,
				D7B708451F73FF8500764E46 /* MyCell */,
				D7B708131F73FF3700764E46 /* AppDelegate.h */,
				D7B708141F73FF3700764E46 /* AppDelegate.m */,
				D7B708161F73FF3700764E46 /* ViewController.h */,
				D7B708171F73FF3700764E46 /* ViewController.m */,
				D7B708191F73FF3700764E46 /* Main.storyboard */,
				D7B7081C1F73FF3700764E46 /* Assets.xcassets */,
				D7B7081E1F73FF3700764E46 /* LaunchScreen.storyboard */,
				D7B708211F73FF3700764E46 /* Info.plist */,
				D7B708221F73FF3700764E46 /* main.m */,
			);
			path = test;
			sourceTree = "<group>";
		};
		D7B7082B1F73FF3700764E46 /* testTests */ = {
			isa = PBXGroup;
			children = (
				D7B7082C1F73FF3700764E46 /* testTests.m */,
				D7B7082E1F73FF3700764E46 /* Info.plist */,
			);
			path = testTests;
			sourceTree = "<group>";
		};
		D7B708361F73FF3700764E46 /* testUITests */ = {
			isa = PBXGroup;
			children = (
				D7B708371F73FF3700764E46 /* testUITests.m */,
				D7B708391F73FF3700764E46 /* Info.plist */,
			);
			path = testUITests;
			sourceTree = "<group>";
		};
		D7B708451F73FF8500764E46 /* MyCell */ = {
			isa = PBXGroup;
			children = (
				D7B708461F73FF9E00764E46 /* TableViewCell.h */,
				D7B708471F73FF9E00764E46 /* TableViewCell.m */,
				D7B708481F73FF9E00764E46 /* TableViewCell.xib */,
			);
			path = MyCell;
			sourceTree = "<group>";
		};
		D7B7084B1F73FFA800764E46 /* MyModel */ = {
			isa = PBXGroup;
			children = (
				D7B7084D1F73FFCC00764E46 /* MyModel.h */,
				D7B7084E1F73FFCC00764E46 /* MyModel.m */,
			);
			path = MyModel;
			sourceTree = "<group>";
		};
/* End PBXGroup section */

/* Begin PBXNativeTarget section */
		D7B7080F1F73FF3700764E46 /* test */ = {
			isa = PBXNativeTarget;
			buildConfigurationList = D7B7083C1F73FF3700764E46 /* Build configuration list for PBXNativeTarget "test" */;
			buildPhases = (
				D7B7080C1F73FF3700764E46 /* Sources */,
				D7B7080D1F73FF3700764E46 /* Frameworks */,
				D7B7080E1F73FF3700764E46 /* Resources */,
			);
			buildRules = (
			);
			dependencies = (
			);
			name = test;
			productName = test;
			productReference = D7B708101F73FF3700764E46 /* test.app */;
			productType = "com.apple.product-type.application";
		};
		D7B708271F73FF3700764E46 /* testTests */ = {
			isa = PBXNativeTarget;
			buildConfigurationList = D7B7083F1F73FF3700764E46 /* Build configuration list for PBXNativeTarget "testTests" */;
			buildPhases = (
				D7B708241F73FF3700764E46 /* Sources */,
				D7B708251F73FF3700764E46 /* Frameworks */,
				D7B708261F73FF3700764E46 /* Resources */,
			);
			buildRules = (
			);
			dependencies = (
				D7B7082A1F73FF3700764E46 /* PBXTargetDependency */,
			);
			name = testTests;
			productName = testTests;
			productReference = D7B708281F73FF3700764E46 /* testTests.xctest */;
			productType = "com.apple.product-type.bundle.unit-test";
		};
		D7B708321F73FF3700764E46 /* testUITests */ = {
			isa = PBXNativeTarget;
			buildConfigurationList = D7B708421F73FF3700764E46 /* Build configuration list for PBXNativeTarget "testUITests" */;
			buildPhases = (
				D7B7082F1F73FF3700764E46 /* Sources */,
				D7B708301F73FF3700764E46 /* Frameworks */,
				D7B708311F73FF3700764E46 /* Resources */,
			);
			buildRules = (
			);
			dependencies = (
				D7B708351F73FF3700764E46 /* PBXTargetDependency */,
			);
			name = testUITests;
			productName = testUITests;
			productReference = D7B708331F73FF3700764E46 /* testUITests.xctest */;
			productType = "com.apple.product-type.bundle.ui-testing";
		};
/* End PBXNativeTarget section */

/* Begin PBXProject section */
		D7B708081F73FF3700764E46 /* Project object */ = {
			isa = PBXProject;
			attributes = {
				LastUpgradeCheck = 0900;
				ORGANIZATIONNAME = "user-letsgo6";
				TargetAttributes = {
					D7B7080F1F73FF3700764E46 = {
						CreatedOnToolsVersion = 9.0;
						ProvisioningStyle = Automatic;
					};
					D7B708271F73FF3700764E46 = {
						CreatedOnToolsVersion = 9.0;
						ProvisioningStyle = Automatic;
						TestTargetID = D7B7080F1F73FF3700764E46;
					};
					D7B708321F73FF3700764E46 = {
						CreatedOnToolsVersion = 9.0;
						ProvisioningStyle = Automatic;
						TestTargetID = D7B7080F1F73FF3700764E46;
					};
				};
			};
			buildConfigurationList = D7B7080B1F73FF3700764E46 /* Build configuration list for PBXProject "test" */;
			compatibilityVersion = "Xcode 8.0";
			developmentRegion = en;
			hasScannedForEncodings = 0;
			knownRegions = (
				en,
				Base,
			);
			mainGroup = D7B708071F73FF3700764E46;
			productRefGroup = D7B708111F73FF3700764E46 /* Products */;
			projectDirPath = "";
			projectRoot = "";
			targets = (
				D7B7080F1F73FF3700764E46 /* test */,
				D7B708271F73FF3700764E46 /* testTests */,
				D7B708321F73FF3700764E46 /* testUITests */,
			);
		};
/* End PBXProject section */

/* Begin PBXResourcesBuildPhase section */
		D7B7080E1F73FF3700764E46 /* Resources */ = {
			isa = PBXResourcesBuildPhase;
			buildActionMask = 2147483647;
			files = (
				D7B708201F73FF3700764E46 /* LaunchScreen.storyboard in Resources */,
				D7B7084A1F73FF9E00764E46 /* TableViewCell.xib in Resources */,
				D7B7081D1F73FF3700764E46 /* Assets.xcassets in Resources */,
				D7B7081B1F73FF3700764E46 /* Main.storyboard in Resources */,
			);
			runOnlyForDeploymentPostprocessing = 0;
		};
		D7B708261F73FF3700764E46 /* Resources */ = {
			isa = PBXResourcesBuildPhase;
			buildActionMask = 2147483647;
			files = (
			);
			runOnlyForDeploymentPostprocessing = 0;
		};
		D7B708311F73FF3700764E46 /* Resources */ = {
			isa = PBXResourcesBuildPhase;
			buildActionMask = 2147483647;
			files = (
			);
			runOnlyForDeploymentPostprocessing = 0;
		};
/* End PBXResourcesBuildPhase section */

/* Begin PBXSourcesBuildPhase section */
		D7B7080C1F73FF3700764E46 /* Sources */ = {
			isa = PBXSourcesBuildPhase;
			buildActionMask = 2147483647;
			files = (
				D7B708181F73FF3700764E46 /* ViewController.m in Sources */,
				D7B7084F1F73FFCC00764E46 /* MyModel.m in Sources */,
				D7B708491F73FF9E00764E46 /* TableViewCell.m in Sources */,
				D7B708231F73FF3700764E46 /* main.m in Sources */,
				D7B708151F73FF3700764E46 /* AppDelegate.m in Sources */,
			);
			runOnlyForDeploymentPostprocessing = 0;
		};
		D7B708241F73FF3700764E46 /* Sources */ = {
			isa = PBXSourcesBuildPhase;
			buildActionMask = 2147483647;
			files = (
				D7B7082D1F73FF3700764E46 /* testTests.m in Sources */,
			);
			runOnlyForDeploymentPostprocessing = 0;
		};
		D7B7082F1F73FF3700764E46 /* Sources */ = {
			isa = PBXSourcesBuildPhase;
			buildActionMask = 2147483647;
			files = (
				D7B708381F73FF3700764E46 /* testUITests.m in Sources */,
			);
			runOnlyForDeploymentPostprocessing = 0;
		};
/* End PBXSourcesBuildPhase section */

/* Begin PBXTargetDependency section */
		D7B7082A1F73FF3700764E46 /* PBXTargetDependency */ = {
			isa = PBXTargetDependency;
			target = D7B7080F1F73FF3700764E46 /* test */;
			targetProxy = D7B708291F73FF3700764E46 /* PBXContainerItemProxy */;
		};
		D7B708351F73FF3700764E46 /* PBXTargetDependency */ = {
			isa = PBXTargetDependency;
			target = D7B7080F1F73FF3700764E46 /* test */;
			targetProxy = D7B708341F73FF3700764E46 /* PBXContainerItemProxy */;
		};
/* End PBXTargetDependency section */

/* Begin PBXVariantGroup section */
		D7B708191F73FF3700764E46 /* Main.storyboard */ = {
			isa = PBXVariantGroup;
			children = (
				D7B7081A1F73FF3700764E46 /* Base */,
			);
			name = Main.storyboard;
			sourceTree = "<group>";
		};
		D7B7081E1F73FF3700764E46 /* LaunchScreen.storyboard */ = {
			isa = PBXVariantGroup;
			children = (
				D7B7081F1F73FF3700764E46 /* Base */,
			);
			name = LaunchScreen.storyboard;
			sourceTree = "<group>";
		};
/* End PBXVariantGroup section */

/* Begin XCBuildConfiguration section */
		D7B7083A1F73FF3700764E46 /* Debug */ = {
			isa = XCBuildConfiguration;
			buildSettings = {
				ALWAYS_SEARCH_USER_PATHS = NO;
				CLANG_ANALYZER_NONNULL = YES;
				CLANG_ANALYZER_NUMBER_OBJECT_CONVERSION = YES_AGGRESSIVE;
				CLANG_CXX_LANGUAGE_STANDARD = "gnu++14";
				CLANG_CXX_LIBRARY = "libc++";
				CLANG_ENABLE_MODULES = YES;
				CLANG_ENABLE_OBJC_ARC = YES;
				CLANG_WARN_BLOCK_CAPTURE_AUTORELEASING = YES;
				CLANG_WARN_BOOL_CONVERSION = YES;
				CLANG_WARN_COMMA = YES;
				CLANG_WARN_CONSTANT_CONVERSION = YES;
				CLANG_WARN_DIRECT_OBJC_ISA_USAGE = YES_ERROR;
				CLANG_WARN_DOCUMENTATION_COMMENTS = YES;
				CLANG_WARN_EMPTY_BODY = YES;
				CLANG_WARN_ENUM_CONVERSION = YES;
				CLANG_WARN_INFINITE_RECURSION = YES;
				CLANG_WARN_INT_CONVERSION = YES;
				CLANG_WARN_NON_LITERAL_NULL_CONVERSION = YES;
				CLANG_WARN_OBJC_LITERAL_CONVERSION = YES;
				CLANG_WARN_OBJC_ROOT_CLASS = YES_ERROR;
				CLANG_WARN_RANGE_LOOP_ANALYSIS = YES;
				CLANG_WARN_STRICT_PROTOTYPES = YES;
				CLANG_WARN_SUSPICIOUS_MOVE = YES;
				CLANG_WARN_UNGUARDED_AVAILABILITY = YES_AGGRESSIVE;
				CLANG_WARN_UNREACHABLE_CODE = YES;
				CLANG_WARN__DUPLICATE_METHOD_MATCH = YES;
				CODE_SIGN_IDENTITY = "iPhone Developer";
				COPY_PHASE_STRIP = NO;
				DEBUG_INFORMATION_FORMAT = dwarf;
				ENABLE_STRICT_OBJC_MSGSEND = YES;
				ENABLE_TESTABILITY = YES;
				GCC_C_LANGUAGE_STANDARD = gnu11;
				GCC_DYNAMIC_NO_PIC = NO;
				GCC_NO_COMMON_BLOCKS = YES;
				GCC_OPTIMIZATION_LEVEL = 0;
				GCC_PREPROCESSOR_DEFINITIONS = (
					"DEBUG=1",
					"$(inherited)",
				);
				GCC_WARN_64_TO_32_BIT_CONVERSION = YES;
				GCC_WARN_ABOUT_RETURN_TYPE = YES_ERROR;
				GCC_WARN_UNDECLARED_SELECTOR = YES;
				GCC_WARN_UNINITIALIZED_AUTOS = YES_AGGRESSIVE;
				GCC_WARN_UNUSED_FUNCTION = YES;
				GCC_WARN_UNUSED_VARIABLE = YES;
				IPHONEOS_DEPLOYMENT_TARGET = 11.0;
				MTL_ENABLE_DEBUG_INFO = YES;
				ONLY_ACTIVE_ARCH = YES;
				SDKROOT = iphoneos;
			};
			name = Debug;
		};
		D7B7083B1F73FF3700764E46 /* Release */ = {
			isa = XCBuildConfiguration;
			buildSettings = {
				ALWAYS_SEARCH_USER_PATHS = NO;
				CLANG_ANALYZER_NONNULL = YES;
				CLANG_ANALYZER_NUMBER_OBJECT_CONVERSION = YES_AGGRESSIVE;
				CLANG_CXX_LANGUAGE_STANDARD = "gnu++14";
				CLANG_CXX_LIBRARY = "libc++";
				CLANG_ENABLE_MODULES = YES;
				CLANG_ENABLE_OBJC_ARC = YES;
				CLANG_WARN_BLOCK_CAPTURE_AUTORELEASING = YES;
				CLANG_WARN_BOOL_CONVERSION = YES;
				CLANG_WARN_COMMA = YES;
				CLANG_WARN_CONSTANT_CONVERSION = YES;
				CLANG_WARN_DIRECT_OBJC_ISA_USAGE = YES_ERROR;
				CLANG_WARN_DOCUMENTATION_COMMENTS = YES;
				CLANG_WARN_EMPTY_BODY = YES;
				CLANG_WARN_ENUM_CONVERSION = YES;
				CLANG_WARN_INFINITE_RECURSION = YES;
				CLANG_WARN_INT_CONVERSION = YES;
				CLANG_WARN_NON_LITERAL_NULL_CONVERSION = YES;
				CLANG_WARN_OBJC_LITERAL_CONVERSION = YES;
				CLANG_WARN_OBJC_ROOT_CLASS = YES_ERROR;
				CLANG_WARN_RANGE_LOOP_ANALYSIS = YES;
				CLANG_WARN_STRICT_PROTOTYPES = YES;
				CLANG_WARN_SUSPICIOUS_MOVE = YES;
				CLANG_WARN_UNGUARDED_AVAILABILITY = YES_AGGRESSIVE;
				CLANG_WARN_UNREACHABLE_CODE = YES;
				CLANG_WARN__DUPLICATE_METHOD_MATCH = YES;
				CODE_SIGN_IDENTITY = "iPhone Developer";
				COPY_PHASE_STRIP = NO;
				DEBUG_INFORMATION_FORMAT = "dwarf-with-dsym";
				ENABLE_NS_ASSERTIONS = NO;
				ENABLE_STRICT_OBJC_MSGSEND = YES;
				GCC_C_LANGUAGE_STANDARD = gnu11;
				GCC_NO_COMMON_BLOCKS = YES;
				GCC_WARN_64_TO_32_BIT_CONVERSION = YES;
				GCC_WARN_ABOUT_RETURN_TYPE = YES_ERROR;
				GCC_WARN_UNDECLARED_SELECTOR = YES;
				GCC_WARN_UNINITIALIZED_AUTOS = YES_AGGRESSIVE;
				GCC_WARN_UNUSED_FUNCTION = YES;
				GCC_WARN_UNUSED_VARIABLE = YES;
				IPHONEOS_DEPLOYMENT_TARGET = 11.0;
				MTL_ENABLE_DEBUG_INFO = NO;
				SDKROOT = iphoneos;
				VALIDATE_PRODUCT = YES;
			};
			name = Release;
		};
		D7B7083D1F73FF3700764E46 /* Debug */ = {
			isa = XCBuildConfiguration;
			buildSettings = {
				ASSETCATALOG_COMPILER_APPICON_NAME = AppIcon;
				CODE_SIGN_STYLE = Automatic;
				INFOPLIST_FILE = test/Info.plist;
				LD_RUNPATH_SEARCH_PATHS = "$(inherited) @executable_path/Frameworks";
				PRODUCT_BUNDLE_IDENTIFIER = com.test;
				PRODUCT_NAME = "$(TARGET_NAME)";
				TARGETED_DEVICE_FAMILY = "1,2";
			};
			name = Debug;
		};
		D7B7083E1F73FF3700764E46 /* Release */ = {
			isa = XCBuildConfiguration;
			buildSettings = {
				ASSETCATALOG_COMPILER_APPICON_NAME = AppIcon;
				CODE_SIGN_STYLE = Automatic;
				INFOPLIST_FILE = test/Info.plist;
				LD_RUNPATH_SEARCH_PATHS = "$(inherited) @executable_path/Frameworks";
				PRODUCT_BUNDLE_IDENTIFIER = com.test;
				PRODUCT_NAME = "$(TARGET_NAME)";
				TARGETED_DEVICE_FAMILY = "1,2";
			};
			name = Release;
		};
		D7B708401F73FF3700764E46 /* Debug */ = {
			isa = XCBuildConfiguration;
			buildSettings = {
				BUNDLE_LOADER = "$(TEST_HOST)";
				CODE_SIGN_STYLE = Automatic;
				INFOPLIST_FILE = testTests/Info.plist;
				LD_RUNPATH_SEARCH_PATHS = "$(inherited) @executable_path/Frameworks @loader_path/Frameworks";
				PRODUCT_BUNDLE_IDENTIFIER = com.testTests;
				PRODUCT_NAME = "$(TARGET_NAME)";
				TARGETED_DEVICE_FAMILY = "1,2";
				TEST_HOST = "$(BUILT_PRODUCTS_DIR)/test.app/test";
			};
			name = Debug;
		};
		D7B708411F73FF3700764E46 /* Release */ = {
			isa = XCBuildConfiguration;
			buildSettings = {
				BUNDLE_LOADER = "$(TEST_HOST)";
				CODE_SIGN_STYLE = Automatic;
				INFOPLIST_FILE = testTests/Info.plist;
				LD_RUNPATH_SEARCH_PATHS = "$(inherited) @executable_path/Frameworks @loader_path/Frameworks";
				PRODUCT_BUNDLE_IDENTIFIER = com.testTests;
				PRODUCT_NAME = "$(TARGET_NAME)";
				TARGETED_DEVICE_FAMILY = "1,2";
				TEST_HOST = "$(BUILT_PRODUCTS_DIR)/test.app/test";
			};
			name = Release;
		};
		D7B708431F73FF3700764E46 /* Debug */ = {
			isa = XCBuildConfiguration;
			buildSettings = {
				CODE_SIGN_STYLE = Automatic;
				INFOPLIST_FILE = testUITests/Info.plist;
				LD_RUNPATH_SEARCH_PATHS = "$(inherited) @executable_path/Frameworks @loader_path/Frameworks";
				PRODUCT_BUNDLE_IDENTIFIER = com.testUITests;
				PRODUCT_NAME = "$(TARGET_NAME)";
				TARGETED_DEVICE_FAMILY = "1,2";
				TEST_TARGET_NAME = test;
			};
			name = Debug;
		};
		D7B708441F73FF3700764E46 /* Release */ = {
			isa = XCBuildConfiguration;
			buildSettings = {
				CODE_SIGN_STYLE = Automatic;
				INFOPLIST_FILE = testUITests/Info.plist;
				LD_RUNPATH_SEARCH_PATHS = "$(inherited) @executable_path/Frameworks @loader_path/Frameworks";
				PRODUCT_BUNDLE_IDENTIFIER = com.testUITests;
				PRODUCT_NAME = "$(TARGET_NAME)";
				TARGETED_DEVICE_FAMILY = "1,2";
				TEST_TARGET_NAME = test;
			};
			name = Release;
		};
/* End XCBuildConfiguration section */

/* Begin XCConfigurationList section */
		D7B7080B1F73FF3700764E46 /* Build configuration list for PBXProject "test" */ = {
			isa = XCConfigurationList;
			buildConfigurations = (
				D7B7083A1F73FF3700764E46 /* Debug */,
				D7B7083B1F73FF3700764E46 /* Release */,
			);
			defaultConfigurationIsVisible = 0;
			defaultConfigurationName = Release;
		};
		D7B7083C1F73FF3700764E46 /* Build configuration list for PBXNativeTarget "test" */ = {
			isa = XCConfigurationList;
			buildConfigurations = (
				D7B7083D1F73FF3700764E46 /* Debug */,
				D7B7083E1F73FF3700764E46 /* Release */,
			);
			defaultConfigurationIsVisible = 0;
			defaultConfigurationName = Release;
		};
		D7B7083F1F73FF3700764E46 /* Build configuration list for PBXNativeTarget "testTests" */ = {
			isa = XCConfigurationList;
			buildConfigurations = (
				D7B708401F73FF3700764E46 /* Debug */,
				D7B708411F73FF3700764E46 /* Release */,
			);
			defaultConfigurationIsVisible = 0;
			defaultConfigurationName = Release;
		};
		D7B708421F73FF3700764E46 /* Build configuration list for PBXNativeTarget "testUITests" */ = {
			isa = XCConfigurationList;
			buildConfigurations = (
				D7B708431F73FF3700764E46 /* Debug */,
				D7B708441F73FF3700764E46 /* Release */,
			);
			defaultConfigurationIsVisible = 0;
			defaultConfigurationName = Release;
		};
/* End XCConfigurationList section */
	};
	rootObject = D7B708081F73FF3700764E46 /* Project object */;
}
